
Microsoft Visual Studio Solution File, Format Version 12.00
# Visual Studio Version 16
VisualStudioVersion = 16.0.29411.108
MinimumVisualStudioVersion = 10.0.40219.1
Project("{F184B08F-C81C-45F6-A57F-5ABD9991F28F}") = "Bubble Bee", "Bubble Bee\Bubble Bee.vbproj", "{92658D6A-2C5A-468D-B7AF-9B629244CAFC}"
EndProject
Project("{54435603-DBB4-11D2-8724-00A0C9A8B90C}") = "Setup", "Setup\Setup1.vdproj", "{09BE7C44-9057-4B69-9103-382D56717ED2}"
EndProject
Global
	GlobalSection(SolutionConfigurationPlatforms) = preSolution
		Debug|Any CPU = Debug|Any CPU
		Debug|Default = Debug|Default
		Release|Any CPU = Release|Any CPU
		Release|Default = Release|Default
	EndGlobalSection
	GlobalSection(ProjectConfigurationPlatforms) = postSolution
		{92658D6A-2C5A-468D-B7AF-9B629244CAFC}.Debug|Any CPU.ActiveCfg = Debug|Any CPU
		{92658D6A-2C5A-468D-B7AF-9B629244CAFC}.Debug|Any CPU.Build.0 = Debug|Any CPU
		{92658D6A-2C5A-468D-B7AF-9B629244CAFC}.Debug|Default.ActiveCfg = Debug|Any CPU
		{92658D6A-2C5A-468D-B7AF-9B629244CAFC}.Debug|Default.Build.0 = Debug|Any CPU
		{92658D6A-2C5A-468D-B7AF-9B629244CAFC}.Release|Any CPU.ActiveCfg = Release|Any CPU
		{92658D6A-2C5A-468D-B7AF-9B629244CAFC}.Release|Any CPU.Build.0 = Release|Any CPU
		{92658D6A-2C5A-468D-B7AF-9B629244CAFC}.Release|Default.ActiveCfg = Release|Any CPU
		{92658D6A-2C5A-468D-B7AF-9B629244CAFC}.Release|Default.Build.0 = Release|Any CPU
		{09BE7C44-9057-4B69-9103-382D56717ED2}.Debug|Any CPU.ActiveCfg = Debug
		{09BE7C44-9057-4B69-9103-382D56717ED2}.Debug|Any CPU.Build.0 = Debug
		{09BE7C44-9057-4B69-9103-382D56717ED2}.Debug|Default.ActiveCfg = Debug
		{09BE7C44-9057-4B69-9103-382D56717ED2}.Debug|Default.Build.0 = Debug
		{09BE7C44-9057-4B69-9103-382D56717ED2}.Release|Any CPU.ActiveCfg = Debug
		{09BE7C44-9057-4B69-9103-382D56717ED2}.Release|Default.ActiveCfg = Debug
	EndGlobalSection
	GlobalSection(SolutionProperties) = preSolution
		HideSolutionNode = FALSE
	EndGlobalSection
	GlobalSection(ExtensibilityGlobals) = postSolution
		SolutionGuid = {4D383DB3-6006-49E3-B4D6-CFF4A54400C2}
	EndGlobalSection
	GlobalSection(SolutionConfigurationPlatforms) = preSolution
		Debug|Any CPU = Debug|Any CPU
		Debug|Default = Debug|Default
		Release|Any CPU = Release|Any CPU
		Release|Default = Release|Default
	EndGlobalSection
	GlobalSection(SolutionConfigurationPlatforms) = preSolution
		Debug|Any CPU = Debug|Any CPU
		Debug|Default = Debug|Default
		Release|Any CPU = Release|Any CPU
		Release|Default = Release|Default
	EndGlobalSection
EndGlobal
